{
  "name": "pro",
  "version": "1.0.0",
  "lockfileVersion": 1,
  "requires": true,
  "dependencies": {
    "jquery": {
      "version": "2.1.0",
      "resolved": "https://registry.npmjs.org/jquery/-/jquery-2.1.0.tgz",
      "integrity": "sha512-QyJAvw0LUlUPci88C5LTFNtg4WFs70Dkqmwq4rZyOBflduKnHZakpIIDjhZVygAQbUqaghv6msUyP5TmRoNevQ=="
    }
  }
}
